
Microsoft Visual Studio Solution File, Format Version 12.00
# Visual Studio 2012
Project("{FAE04EC0-301F-11D3-BF4B-00C04F79EFBC}") = "SingletonPattern", "SingletonPattern.csproj", "{73C76F25-418D-4351-BF13-42F6DED968BA}"
EndProject
Global
	GlobalSection(SolutionConfigurationPlatforms) = preSolution
		Debug|Any CPU = Debug|Any CPU
		Release|Any CPU = Release|Any CPU
	EndGlobalSection
	GlobalSection(ProjectConfigurationPlatforms) = postSolution
		{73C76F25-418D-4351-BF13-42F6DED968BA}.Debug|Any CPU.ActiveCfg = Debug|Any CPU
		{73C76F25-418D-4351-BF13-42F6DED968BA}.Debug|Any CPU.Build.0 = Debug|Any CPU
		{73C76F25-418D-4351-BF13-42F6DED968BA}.Release|Any CPU.ActiveCfg = Release|Any CPU
		{73C76F25-418D-4351-BF13-42F6DED968BA}.Release|Any CPU.Build.0 = Release|Any CPU
	EndGlobalSection
	GlobalSection(SolutionProperties) = preSolution
		HideSolutionNode = FALSE
	EndGlobalSection
EndGlobal
